
Microsoft Visual Studio Solution File, Format Version 12.00
# Visual Studio 14
VisualStudioVersion = 14.0.21730.1
MinimumVisualStudioVersion = 10.0.40219.1
Project("{2150E333-8FDC-42A3-9474-1A3956D46DE8}") = "global", "global", "{B4DFE60D-9418-4085-A487-E1A82FF574E5}"
	ProjectSection(SolutionItems) = preProject
		global.json = global.json
	EndProjectSection
EndProject
Project("{8BB2217D-0F2D-49D1-97BC-3654ED321F3B}") = "StudentInfo.WebUI", "StudentInfo.WebUI\StudentInfo.WebUI.kproj", "{C014D8A6-E7A1-4B81-843B-976DE3A4DF70}"
EndProject
Project("{8BB2217D-0F2D-49D1-97BC-3654ED321F3B}") = "StudentInfo.Specs", "StudentInfo.Specs\StudentInfo.Specs.kproj", "{5775BDCE-BB5B-4183-A7F4-BFF5E95396AB}"
EndProject
Project("{8BB2217D-0F2D-49D1-97BC-3654ED321F3B}") = "Xunit.KRunner", "other_src\Xunit.KRunner\Xunit.KRunner.kproj", "{F003F228-2AE2-4E9D-877B-93EB773B7061}"
EndProject
Global
	GlobalSection(SolutionConfigurationPlatforms) = preSolution
		Debug|Any CPU = Debug|Any CPU
		Release|Any CPU = Release|Any CPU
	EndGlobalSection
	GlobalSection(ProjectConfigurationPlatforms) = postSolution
		{C014D8A6-E7A1-4B81-843B-976DE3A4DF70}.Debug|Any CPU.ActiveCfg = Debug|Any CPU
		{C014D8A6-E7A1-4B81-843B-976DE3A4DF70}.Debug|Any CPU.Build.0 = Debug|Any CPU
		{C014D8A6-E7A1-4B81-843B-976DE3A4DF70}.Release|Any CPU.ActiveCfg = Release|Any CPU
		{C014D8A6-E7A1-4B81-843B-976DE3A4DF70}.Release|Any CPU.Build.0 = Release|Any CPU
		{5775BDCE-BB5B-4183-A7F4-BFF5E95396AB}.Debug|Any CPU.ActiveCfg = Debug|Any CPU
		{5775BDCE-BB5B-4183-A7F4-BFF5E95396AB}.Debug|Any CPU.Build.0 = Debug|Any CPU
		{5775BDCE-BB5B-4183-A7F4-BFF5E95396AB}.Release|Any CPU.ActiveCfg = Release|Any CPU
		{5775BDCE-BB5B-4183-A7F4-BFF5E95396AB}.Release|Any CPU.Build.0 = Release|Any CPU
		{F003F228-2AE2-4E9D-877B-93EB773B7061}.Debug|Any CPU.ActiveCfg = Debug|Any CPU
		{F003F228-2AE2-4E9D-877B-93EB773B7061}.Debug|Any CPU.Build.0 = Debug|Any CPU
		{F003F228-2AE2-4E9D-877B-93EB773B7061}.Release|Any CPU.ActiveCfg = Release|Any CPU
		{F003F228-2AE2-4E9D-877B-93EB773B7061}.Release|Any CPU.Build.0 = Release|Any CPU
	EndGlobalSection
	GlobalSection(SolutionProperties) = preSolution
		HideSolutionNode = FALSE
	EndGlobalSection
EndGlobal
